// !$*UTF8*$!
{
	archiveVersion = 1;
	classes = {
	};
	objectVersion = 46;
	objects = {

/* Begin PBXBuildFile section */
		FA74846F141B22A0006695C2 /* SliderPageControl.m in Sources */ = {isa = PBXBuildFile; fileRef = FA74846E141B22A0006695C2 /* SliderPageControl.m */; };
		FA748472141B24CE006695C2 /* CoreGraphics.framework in Frameworks */ = {isa = PBXBuildFile; fileRef = FA748471141B24CE006695C2 /* CoreGraphics.framework */; };
		FA748474141B252E006695C2 /* SliderPageControl.bundle in Resources */ = {isa = PBXBuildFile; fileRef = FA748473141B252E006695C2 /* SliderPageControl.bundle */; };
		FA748476141B29EE006695C2 /* icon.png in Resources */ = {isa = PBXBuildFile; fileRef = FA748475141B29ED006695C2 /* icon.png */; };
		FA748478141B29F3006695C2 /* icon2.png in Resources */ = {isa = PBXBuildFile; fileRef = FA748477141B29F3006695C2 /* icon2.png */; };
		FA7484CA141FF7A8006695C2 /* Icon.png in Resources */ = {isa = PBXBuildFile; fileRef = FA7484C9141FF7A8006695C2 /* Icon.png */; };
		FA7484CD14200047006695C2 /* RKRssFeedParser.m in Sources */ = {isa = PBXBuildFile; fileRef = FA7484CC14200047006695C2 /* RKRssFeedParser.m */; };
		FA7484D014200068006695C2 /* RKRssItem.m in Sources */ = {isa = PBXBuildFile; fileRef = FA7484CF14200068006695C2 /* RKRssItem.m */; };
		FAB47529141A9E5D0000075F /* UIKit.framework in Frameworks */ = {isa = PBXBuildFile; fileRef = FAB47528141A9E5D0000075F /* UIKit.framework */; };
		FAB4752B141A9E5D0000075F /* Foundation.framework in Frameworks */ = {isa = PBXBuildFile; fileRef = FAB4752A141A9E5D0000075F /* Foundation.framework */; };
		FAB47531141A9E5D0000075F /* InfoPlist.strings in Resources */ = {isa = PBXBuildFile; fileRef = FAB4752F141A9E5D0000075F /* InfoPlist.strings */; };
		FAB47533141A9E5D0000075F /* main.m in Sources */ = {isa = PBXBuildFile; fileRef = FAB47532141A9E5D0000075F /* main.m */; };
		FAB47537141A9E5D0000075F /* AppDelegate.m in Sources */ = {isa = PBXBuildFile; fileRef = FAB47536141A9E5D0000075F /* AppDelegate.m */; };
		FAB4753A141A9E5D0000075F /* ViewController.m in Sources */ = {isa = PBXBuildFile; fileRef = FAB47539141A9E5D0000075F /* ViewController.m */; };
		FAB4753D141A9E5D0000075F /* ViewController.xib in Resources */ = {isa = PBXBuildFile; fileRef = FAB4753B141A9E5D0000075F /* ViewController.xib */; };
		FAB47548141AA0A60000075F /* robots.png in Resources */ = {isa = PBXBuildFile; fileRef = FAB47547141AA0A60000075F /* robots.png */; };
		FAB4754F141AA1F80000075F /* ChantViewController.m in Sources */ = {isa = PBXBuildFile; fileRef = FAB4754D141AA1F80000075F /* ChantViewController.m */; };
		FAB47550141AA1F80000075F /* ChantViewController.xib in Resources */ = {isa = PBXBuildFile; fileRef = FAB4754E141AA1F80000075F /* ChantViewController.xib */; };
		FAB47552141AA29B0000075F /* megaphone.png in Resources */ = {isa = PBXBuildFile; fileRef = FAB47551141AA29B0000075F /* megaphone.png */; };
		FAB47554141AA37A0000075F /* clear.png in Resources */ = {isa = PBXBuildFile; fileRef = FAB47553141AA37A0000075F /* clear.png */; };
		FAB47562141AA9FE0000075F /* 4th Quarter Fanfare.mp3 in Resources */ = {isa = PBXBuildFile; fileRef = FAB4755A141AA9FE0000075F /* 4th Quarter Fanfare.mp3 */; };
		FAB47563141AA9FE0000075F /* FSU Cheer.mp3 in Resources */ = {isa = PBXBuildFile; fileRef = FAB4755B141AA9FE0000075F /* FSU Cheer.mp3 */; };
		FAB47564141AA9FE0000075F /* FSU Fight Song.mp3 in Resources */ = {isa = PBXBuildFile; fileRef = FAB4755C141AA9FE0000075F /* FSU Fight Song.mp3 */; };
		FAB47565141AA9FE0000075F /* Old FSU Fight Song.mp3 in Resources */ = {isa = PBXBuildFile; fileRef = FAB4755D141AA9FE0000075F /* Old FSU Fight Song.mp3 */; };
		FAB47566141AA9FE0000075F /* Gold And Garnett.mp3 in Resources */ = {isa = PBXBuildFile; fileRef = FAB4755E141AA9FE0000075F /* Gold And Garnett.mp3 */; };
		FAB47567141AA9FE0000075F /* Seminole Uprising.mp3 in Resources */ = {isa = PBXBuildFile; fileRef = FAB4755F141AA9FE0000075F /* Seminole Uprising.mp3 */; };
		FAB47568141AA9FE0000075F /* Victory Song.mp3 in Resources */ = {isa = PBXBuildFile; fileRef = FAB47560141AA9FE0000075F /* Victory Song.mp3 */; };
		FAB47569141AA9FE0000075F /* War Chant.mp3 in Resources */ = {isa = PBXBuildFile; fileRef = FAB47561141AA9FE0000075F /* War Chant.mp3 */; };
		FAB4756B141AAB1B0000075F /* sorryAmerica.mp3 in Resources */ = {isa = PBXBuildFile; fileRef = FAB4756A141AAB1B0000075F /* sorryAmerica.mp3 */; };
		FAB4756D141AAE7A0000075F /* AVFoundation.framework in Frameworks */ = {isa = PBXBuildFile; fileRef = FAB4756C141AAE7A0000075F /* AVFoundation.framework */; };
/* End PBXBuildFile section */

/* Begin PBXFileReference section */
		FA74846D141B229F006695C2 /* SliderPageControl.h */ = {isa = PBXFileReference; fileEncoding = 4; lastKnownFileType = sourcecode.c.h; path = SliderPageControl.h; sourceTree = "<group>"; };
		FA74846E141B22A0006695C2 /* SliderPageControl.m */ = {isa = PBXFileReference; fileEncoding = 4; lastKnownFileType = sourcecode.c.objc; path = SliderPageControl.m; sourceTree = "<group>"; };
		FA748471141B24CE006695C2 /* CoreGraphics.framework */ = {isa = PBXFileReference; lastKnownFileType = wrapper.framework; name = CoreGraphics.framework; path = System/Library/Frameworks/CoreGraphics.framework; sourceTree = SDKROOT; };
		FA748473141B252E006695C2 /* SliderPageControl.bundle */ = {isa = PBXFileReference; lastKnownFileType = "wrapper.plug-in"; path = SliderPageControl.bundle; sourceTree = "<group>"; };
		FA748475141B29ED006695C2 /* icon.png */ = {isa = PBXFileReference; lastKnownFileType = image.png; name = icon.png; path = ../icon.png; sourceTree = "<group>"; };
		FA748477141B29F3006695C2 /* icon2.png */ = {isa = PBXFileReference; lastKnownFileType = image.png; name = icon2.png; path = ../icon2.png; sourceTree = "<group>"; };
		FA7484C9141FF7A8006695C2 /* Icon.png */ = {isa = PBXFileReference; lastKnownFileType = image.png; path = Icon.png; sourceTree = "<group>"; };
		FA7484CB14200047006695C2 /* RKRssFeedParser.h */ = {isa = PBXFileReference; fileEncoding = 4; lastKnownFileType = sourcecode.c.h; path = RKRssFeedParser.h; sourceTree = "<group>"; };
		FA7484CC14200047006695C2 /* RKRssFeedParser.m */ = {isa = PBXFileReference; fileEncoding = 4; lastKnownFileType = sourcecode.c.objc; path = RKRssFeedParser.m; sourceTree = "<group>"; };
		FA7484CE14200067006695C2 /* RKRssItem.h */ = {isa = PBXFileReference; fileEncoding = 4; lastKnownFileType = sourcecode.c.h; path = RKRssItem.h; sourceTree = "<group>"; };
		FA7484CF14200068006695C2 /* RKRssItem.m */ = {isa = PBXFileReference; fileEncoding = 4; lastKnownFileType = sourcecode.c.objc; path = RKRssItem.m; sourceTree = "<group>"; };
		FAB47524141A9E5D0000075F /* FSU WarChant.app */ = {isa = PBXFileReference; explicitFileType = wrapper.application; includeInIndex = 0; path = "FSU WarChant.app"; sourceTree = BUILT_PRODUCTS_DIR; };
		FAB47528141A9E5D0000075F /* UIKit.framework */ = {isa = PBXFileReference; lastKnownFileType = wrapper.framework; name = UIKit.framework; path = System/Library/Frameworks/UIKit.framework; sourceTree = SDKROOT; };
		FAB4752A141A9E5D0000075F /* Foundation.framework */ = {isa = PBXFileReference; lastKnownFileType = wrapper.framework; name = Foundation.framework; path = System/Library/Frameworks/Foundation.framework; sourceTree = SDKROOT; };
		FAB4752E141A9E5D0000075F /* FSU WarChant-Info.plist */ = {isa = PBXFileReference; lastKnownFileType = text.plist.xml; path = "FSU WarChant-Info.plist"; sourceTree = "<group>"; };
		FAB47530141A9E5D0000075F /* en */ = {isa = PBXFileReference; lastKnownFileType = text.plist.strings; name = en; path = en.lproj/InfoPlist.strings; sourceTree = "<group>"; };
		FAB47532141A9E5D0000075F /* main.m */ = {isa = PBXFileReference; lastKnownFileType = sourcecode.c.objc; path = main.m; sourceTree = "<group>"; };
		FAB47534141A9E5D0000075F /* FSU WarChant-Prefix.pch */ = {isa = PBXFileReference; lastKnownFileType = sourcecode.c.h; path = "FSU WarChant-Prefix.pch"; sourceTree = "<group>"; };
		FAB47535141A9E5D0000075F /* AppDelegate.h */ = {isa = PBXFileReference; lastKnownFileType = sourcecode.c.h; path = AppDelegate.h; sourceTree = "<group>"; };
		FAB47536141A9E5D0000075F /* AppDelegate.m */ = {isa = PBXFileReference; lastKnownFileType = sourcecode.c.objc; path = AppDelegate.m; sourceTree = "<group>"; };
		FAB47538141A9E5D0000075F /* ViewController.h */ = {isa = PBXFileReference; lastKnownFileType = sourcecode.c.h; path = ViewController.h; sourceTree = "<group>"; };
		FAB47539141A9E5D0000075F /* ViewController.m */ = {isa = PBXFileReference; lastKnownFileType = sourcecode.c.objc; path = ViewController.m; sourceTree = "<group>"; };
		FAB4753C141A9E5D0000075F /* en */ = {isa = PBXFileReference; lastKnownFileType = file.xib; name = en; path = en.lproj/ViewController.xib; sourceTree = "<group>"; };
		FAB47547141AA0A60000075F /* robots.png */ = {isa = PBXFileReference; lastKnownFileType = image.png; path = robots.png; sourceTree = "<group>"; };
		FAB4754C141AA1F80000075F /* ChantViewController.h */ = {isa = PBXFileReference; fileEncoding = 4; lastKnownFileType = sourcecode.c.h; path = ChantViewController.h; sourceTree = "<group>"; };
		FAB4754D141AA1F80000075F /* ChantViewController.m */ = {isa = PBXFileReference; fileEncoding = 4; lastKnownFileType = sourcecode.c.objc; path = ChantViewController.m; sourceTree = "<group>"; };
		FAB4754E141AA1F80000075F /* ChantViewController.xib */ = {isa = PBXFileReference; fileEncoding = 4; lastKnownFileType = file.xib; path = ChantViewController.xib; sourceTree = "<group>"; };
		FAB47551141AA29B0000075F /* megaphone.png */ = {isa = PBXFileReference; lastKnownFileType = image.png; path = megaphone.png; sourceTree = "<group>"; };
		FAB47553141AA37A0000075F /* clear.png */ = {isa = PBXFileReference; lastKnownFileType = image.png; path = clear.png; sourceTree = "<group>"; };
		FAB4755A141AA9FE0000075F /* 4th Quarter Fanfare.mp3 */ = {isa = PBXFileReference; lastKnownFileType = audio.mp3; path = "4th Quarter Fanfare.mp3"; sourceTree = "<group>"; };
		FAB4755B141AA9FE0000075F /* FSU Cheer.mp3 */ = {isa = PBXFileReference; lastKnownFileType = audio.mp3; path = "FSU Cheer.mp3"; sourceTree = "<group>"; };
		FAB4755C141AA9FE0000075F /* FSU Fight Song.mp3 */ = {isa = PBXFileReference; lastKnownFileType = audio.mp3; path = "FSU Fight Song.mp3"; sourceTree = "<group>"; };
		FAB4755D141AA9FE0000075F /* Old FSU Fight Song.mp3 */ = {isa = PBXFileReference; lastKnownFileType = audio.mp3; path = "Old FSU Fight Song.mp3"; sourceTree = "<group>"; };
		FAB4755E141AA9FE0000075F /* Gold And Garnett.mp3 */ = {isa = PBXFileReference; lastKnownFileType = audio.mp3; path = "Gold And Garnett.mp3"; sourceTree = "<group>"; };
		FAB4755F141AA9FE0000075F /* Seminole Uprising.mp3 */ = {isa = PBXFileReference; lastKnownFileType = audio.mp3; path = "Seminole Uprising.mp3"; sourceTree = "<group>"; };
		FAB47560141AA9FE0000075F /* Victory Song.mp3 */ = {isa = PBXFileReference; lastKnownFileType = audio.mp3; path = "Victory Song.mp3"; sourceTree = "<group>"; };
		FAB47561141AA9FE0000075F /* War Chant.mp3 */ = {isa = PBXFileReference; lastKnownFileType = audio.mp3; path = "War Chant.mp3"; sourceTree = "<group>"; };
		FAB4756A141AAB1B0000075F /* sorryAmerica.mp3 */ = {isa = PBXFileReference; lastKnownFileType = audio.mp3; path = sorryAmerica.mp3; sourceTree = "<group>"; };
		FAB4756C141AAE7A0000075F /* AVFoundation.framework */ = {isa = PBXFileReference; lastKnownFileType = wrapper.framework; name = AVFoundation.framework; path = System/Library/Frameworks/AVFoundation.framework; sourceTree = SDKROOT; };
/* End PBXFileReference section */

/* Begin PBXFrameworksBuildPhase section */
		FAB47521141A9E5D0000075F /* Frameworks */ = {
			isa = PBXFrameworksBuildPhase;
			buildActionMask = 2147483647;
			files = (
				FA748472141B24CE006695C2 /* CoreGraphics.framework in Frameworks */,
				FAB4756D141AAE7A0000075F /* AVFoundation.framework in Frameworks */,
				FAB47529141A9E5D0000075F /* UIKit.framework in Frameworks */,
				FAB4752B141A9E5D0000075F /* Foundation.framework in Frameworks */,
			);
			runOnlyForDeploymentPostprocessing = 0;
		};
/* End PBXFrameworksBuildPhase section */

/* Begin PBXGroup section */
		FA748470141B22A5006695C2 /* Slider Page Control */ = {
			isa = PBXGroup;
			children = (
				FA74846D141B229F006695C2 /* SliderPageControl.h */,
				FA74846E141B22A0006695C2 /* SliderPageControl.m */,
			);
			name = "Slider Page Control";
			sourceTree = "<group>";
		};
		FA7484B2141FF791006695C2 /* MWFeedParser */ = {
			isa = PBXGroup;
			children = (
				FA7484C9141FF7A8006695C2 /* Icon.png */,
				FA7484CB14200047006695C2 /* RKRssFeedParser.h */,
				FA7484CC14200047006695C2 /* RKRssFeedParser.m */,
				FA7484CE14200067006695C2 /* RKRssItem.h */,
				FA7484CF14200068006695C2 /* RKRssItem.m */,
			);
			name = MWFeedParser;
			sourceTree = "<group>";
		};
		FAB47519141A9E5D0000075F = {
			isa = PBXGroup;
			children = (
				FAB4752C141A9E5D0000075F /* FSU WarChant */,
				FAB47527141A9E5D0000075F /* Frameworks */,
				FAB47525141A9E5D0000075F /* Products */,
			);
			sourceTree = "<group>";
		};
		FAB47525141A9E5D0000075F /* Products */ = {
			isa = PBXGroup;
			children = (
				FAB47524141A9E5D0000075F /* FSU WarChant.app */,
			);
			name = Products;
			sourceTree = "<group>";
		};
		FAB47527141A9E5D0000075F /* Frameworks */ = {
			isa = PBXGroup;
			children = (
				FA748471141B24CE006695C2 /* CoreGraphics.framework */,
				FAB4756C141AAE7A0000075F /* AVFoundation.framework */,
				FAB47528141A9E5D0000075F /* UIKit.framework */,
				FAB4752A141A9E5D0000075F /* Foundation.framework */,
			);
			name = Frameworks;
			sourceTree = "<group>";
		};
		FAB4752C141A9E5D0000075F /* FSU WarChant */ = {
			isa = PBXGroup;
			children = (
				FA7484B2141FF791006695C2 /* MWFeedParser */,
				FA748470141B22A5006695C2 /* Slider Page Control */,
				FAB4754B141AA1D90000075F /* ChantViewControllers */,
				FAB47535141A9E5D0000075F /* AppDelegate.h */,
				FAB47536141A9E5D0000075F /* AppDelegate.m */,
				FAB47538141A9E5D0000075F /* ViewController.h */,
				FAB47539141A9E5D0000075F /* ViewController.m */,
				FAB4753B141A9E5D0000075F /* ViewController.xib */,
				FAB4752D141A9E5D0000075F /* Supporting Files */,
			);
			path = "FSU WarChant";
			sourceTree = "<group>";
		};
		FAB4752D141A9E5D0000075F /* Supporting Files */ = {
			isa = PBXGroup;
			children = (
				FA748477141B29F3006695C2 /* icon2.png */,
				FA748475141B29ED006695C2 /* icon.png */,
				FAB4756A141AAB1B0000075F /* sorryAmerica.mp3 */,
				FAB47559141AA9FE0000075F /* FSU War Chants */,
				FAB47553141AA37A0000075F /* clear.png */,
				FAB47551141AA29B0000075F /* megaphone.png */,
				FAB47547141AA0A60000075F /* robots.png */,
				FA748473141B252E006695C2 /* SliderPageControl.bundle */,
				FAB4752E141A9E5D0000075F /* FSU WarChant-Info.plist */,
				FAB4752F141A9E5D0000075F /* InfoPlist.strings */,
				FAB47532141A9E5D0000075F /* main.m */,
				FAB47534141A9E5D0000075F /* FSU WarChant-Prefix.pch */,
			);
			name = "Supporting Files";
			sourceTree = "<group>";
		};
		FAB4754B141AA1D90000075F /* ChantViewControllers */ = {
			isa = PBXGroup;
			children = (
				FAB4754C141AA1F80000075F /* ChantViewController.h */,
				FAB4754D141AA1F80000075F /* ChantViewController.m */,
				FAB4754E141AA1F80000075F /* ChantViewController.xib */,
			);
			name = ChantViewControllers;
			sourceTree = "<group>";
		};
		FAB47559141AA9FE0000075F /* FSU War Chants */ = {
			isa = PBXGroup;
			children = (
				FAB4755A141AA9FE0000075F /* 4th Quarter Fanfare.mp3 */,
				FAB4755B141AA9FE0000075F /* FSU Cheer.mp3 */,
				FAB4755C141AA9FE0000075F /* FSU Fight Song.mp3 */,
				FAB4755D141AA9FE0000075F /* Old FSU Fight Song.mp3 */,
				FAB4755E141AA9FE0000075F /* Gold And Garnett.mp3 */,
				FAB4755F141AA9FE0000075F /* Seminole Uprising.mp3 */,
				FAB47560141AA9FE0000075F /* Victory Song.mp3 */,
				FAB47561141AA9FE0000075F /* War Chant.mp3 */,
			);
			path = "FSU War Chants";
			sourceTree = "<group>";
		};
/* End PBXGroup section */

/* Begin PBXNativeTarget section */
		FAB47523141A9E5D0000075F /* FSU WarChant */ = {
			isa = PBXNativeTarget;
			buildConfigurationList = FAB47540141A9E5D0000075F /* Build configuration list for PBXNativeTarget "FSU WarChant" */;
			buildPhases = (
				FAB47520141A9E5D0000075F /* Sources */,
				FAB47521141A9E5D0000075F /* Frameworks */,
				FAB47522141A9E5D0000075F /* Resources */,
			);
			buildRules = (
			);
			dependencies = (
			);
			name = "FSU WarChant";
			productName = "FSU WarChant";
			productReference = FAB47524141A9E5D0000075F /* FSU WarChant.app */;
			productType = "com.apple.product-type.application";
		};
/* End PBXNativeTarget section */

/* Begin PBXProject section */
		FAB4751B141A9E5D0000075F /* Project object */ = {
			isa = PBXProject;
			attributes = {
				LastUpgradeCheck = 0420;
				ORGANIZATIONNAME = Home;
			};
			buildConfigurationList = FAB4751E141A9E5D0000075F /* Build configuration list for PBXProject "FSU WarChant" */;
			compatibilityVersion = "Xcode 3.2";
			developmentRegion = English;
			hasScannedForEncodings = 0;
			knownRegions = (
				en,
			);
			mainGroup = FAB47519141A9E5D0000075F;
			productRefGroup = FAB47525141A9E5D0000075F /* Products */;
			projectDirPath = "";
			projectRoot = "";
			targets = (
				FAB47523141A9E5D0000075F /* FSU WarChant */,
			);
		};
/* End PBXProject section */

/* Begin PBXResourcesBuildPhase section */
		FAB47522141A9E5D0000075F /* Resources */ = {
			isa = PBXResourcesBuildPhase;
			buildActionMask = 2147483647;
			files = (
				FAB47531141A9E5D0000075F /* InfoPlist.strings in Resources */,
				FAB4753D141A9E5D0000075F /* ViewController.xib in Resources */,
				FAB47548141AA0A60000075F /* robots.png in Resources */,
				FAB47550141AA1F80000075F /* ChantViewController.xib in Resources */,
				FAB47552141AA29B0000075F /* megaphone.png in Resources */,
				FAB47554141AA37A0000075F /* clear.png in Resources */,
				FAB47562141AA9FE0000075F /* 4th Quarter Fanfare.mp3 in Resources */,
				FAB47563141AA9FE0000075F /* FSU Cheer.mp3 in Resources */,
				FAB47564141AA9FE0000075F /* FSU Fight Song.mp3 in Resources */,
				FAB47565141AA9FE0000075F /* Old FSU Fight Song.mp3 in Resources */,
				FAB47566141AA9FE0000075F /* Gold And Garnett.mp3 in Resources */,
				FAB47567141AA9FE0000075F /* Seminole Uprising.mp3 in Resources */,
				FAB47568141AA9FE0000075F /* Victory Song.mp3 in Resources */,
				FAB47569141AA9FE0000075F /* War Chant.mp3 in Resources */,
				FAB4756B141AAB1B0000075F /* sorryAmerica.mp3 in Resources */,
				FA748474141B252E006695C2 /* SliderPageControl.bundle in Resources */,
				FA748476141B29EE006695C2 /* icon.png in Resources */,
				FA748478141B29F3006695C2 /* icon2.png in Resources */,
				FA7484CA141FF7A8006695C2 /* Icon.png in Resources */,
			);
			runOnlyForDeploymentPostprocessing = 0;
		};
/* End PBXResourcesBuildPhase section */

/* Begin PBXSourcesBuildPhase section */
		FAB47520141A9E5D0000075F /* Sources */ = {
			isa = PBXSourcesBuildPhase;
			buildActionMask = 2147483647;
			files = (
				FAB47533141A9E5D0000075F /* main.m in Sources */,
				FAB47537141A9E5D0000075F /* AppDelegate.m in Sources */,
				FAB4753A141A9E5D0000075F /* ViewController.m in Sources */,
				FAB4754F141AA1F80000075F /* ChantViewController.m in Sources */,
				FA74846F141B22A0006695C2 /* SliderPageControl.m in Sources */,
				FA7484CD14200047006695C2 /* RKRssFeedParser.m in Sources */,
				FA7484D014200068006695C2 /* RKRssItem.m in Sources */,
			);
			runOnlyForDeploymentPostprocessing = 0;
		};
/* End PBXSourcesBuildPhase section */

/* Begin PBXVariantGroup section */
		FAB4752F141A9E5D0000075F /* InfoPlist.strings */ = {
			isa = PBXVariantGroup;
			children = (
				FAB47530141A9E5D0000075F /* en */,
			);
			name = InfoPlist.strings;
			sourceTree = "<group>";
		};
		FAB4753B141A9E5D0000075F /* ViewController.xib */ = {
			isa = PBXVariantGroup;
			children = (
				FAB4753C141A9E5D0000075F /* en */,
			);
			name = ViewController.xib;
			sourceTree = "<group>";
		};
/* End PBXVariantGroup section */

/* Begin XCBuildConfiguration section */
		FAB4753E141A9E5D0000075F /* Debug */ = {
			isa = XCBuildConfiguration;
			buildSettings = {
				ALWAYS_SEARCH_USER_PATHS = NO;
				ARCHS = "$(ARCHS_STANDARD_32_BIT)";
				CLANG_ENABLE_OBJC_ARC = YES;
				"CODE_SIGN_IDENTITY[sdk=iphoneos*]" = "iPhone Developer";
				COPY_PHASE_STRIP = NO;
				GCC_C_LANGUAGE_STANDARD = gnu99;
				GCC_DYNAMIC_NO_PIC = NO;
				GCC_OPTIMIZATION_LEVEL = 0;
				GCC_PREPROCESSOR_DEFINITIONS = (
					"DEBUG=1",
					"$(inherited)",
				);
				GCC_SYMBOLS_PRIVATE_EXTERN = NO;
				GCC_VERSION = com.apple.compilers.llvm.clang.1_0;
				GCC_WARN_ABOUT_MISSING_PROTOTYPES = YES;
				GCC_WARN_ABOUT_RETURN_TYPE = YES;
				GCC_WARN_UNUSED_VARIABLE = YES;
				IPHONEOS_DEPLOYMENT_TARGET = 5.0;
				SDKROOT = iphoneos;
			};
			name = Debug;
		};
		FAB4753F141A9E5D0000075F /* Release */ = {
			isa = XCBuildConfiguration;
			buildSettings = {
				ALWAYS_SEARCH_USER_PATHS = NO;
				ARCHS = "$(ARCHS_STANDARD_32_BIT)";
				CLANG_ENABLE_OBJC_ARC = YES;
				"CODE_SIGN_IDENTITY[sdk=iphoneos*]" = "iPhone Developer";
				COPY_PHASE_STRIP = YES;
				GCC_C_LANGUAGE_STANDARD = gnu99;
				GCC_VERSION = com.apple.compilers.llvm.clang.1_0;
				GCC_WARN_ABOUT_MISSING_PROTOTYPES = YES;
				GCC_WARN_ABOUT_RETURN_TYPE = YES;
				GCC_WARN_UNUSED_VARIABLE = YES;
				IPHONEOS_DEPLOYMENT_TARGET = 5.0;
				OTHER_CFLAGS = "-DNS_BLOCK_ASSERTIONS=1";
				SDKROOT = iphoneos;
				VALIDATE_PRODUCT = YES;
			};
			name = Release;
		};
		FAB47541141A9E5D0000075F /* Debug */ = {
			isa = XCBuildConfiguration;
			buildSettings = {
				GCC_PRECOMPILE_PREFIX_HEADER = YES;
				GCC_PREFIX_HEADER = "FSU WarChant/FSU WarChant-Prefix.pch";
				INFOPLIST_FILE = "FSU WarChant/FSU WarChant-Info.plist";
				IPHONEOS_DEPLOYMENT_TARGET = 4.1;
				PRODUCT_NAME = "$(TARGET_NAME)";
				TARGETED_DEVICE_FAMILY = 1;
				WRAPPER_EXTENSION = app;
			};
			name = Debug;
		};
		FAB47542141A9E5D0000075F /* Release */ = {
			isa = XCBuildConfiguration;
			buildSettings = {
				GCC_PRECOMPILE_PREFIX_HEADER = YES;
				GCC_PREFIX_HEADER = "FSU WarChant/FSU WarChant-Prefix.pch";
				INFOPLIST_FILE = "FSU WarChant/FSU WarChant-Info.plist";
				IPHONEOS_DEPLOYMENT_TARGET = 4.1;
				PRODUCT_NAME = "$(TARGET_NAME)";
				TARGETED_DEVICE_FAMILY = 1;
				WRAPPER_EXTENSION = app;
			};
			name = Release;
		};
/* End XCBuildConfiguration section */

/* Begin XCConfigurationList section */
		FAB4751E141A9E5D0000075F /* Build configuration list for PBXProject "FSU WarChant" */ = {
			isa = XCConfigurationList;
			buildConfigurations = (
				FAB4753E141A9E5D0000075F /* Debug */,
				FAB4753F141A9E5D0000075F /* Release */,
			);
			defaultConfigurationIsVisible = 0;
			defaultConfigurationName = Release;
		};
		FAB47540141A9E5D0000075F /* Build configuration list for PBXNativeTarget "FSU WarChant" */ = {
			isa = XCConfigurationList;
			buildConfigurations = (
				FAB47541141A9E5D0000075F /* Debug */,
				FAB47542141A9E5D0000075F /* Release */,
			);
			defaultConfigurationIsVisible = 0;
			defaultConfigurationName = Release;
		};
/* End XCConfigurationList section */
	};
	rootObject = FAB4751B141A9E5D0000075F /* Project object */;
}
